
Microsoft Visual Studio Solution File, Format Version 12.00
# Visual Studio 15
VisualStudioVersion = 15.0.28307.421
MinimumVisualStudioVersion = 10.0.40219.1
Project("{FAE04EC0-301F-11D3-BF4B-00C04F79EFBC}") = "MyMovieSite", "MyMovieSite\MyMovieSite.csproj", "{5F4B2DA9-A6AF-48C6-A2BC-5DF393B39B1E}"
EndProject
Global
	GlobalSection(SolutionConfigurationPlatforms) = preSolution
		Debug|Any CPU = Debug|Any CPU
		Release|Any CPU = Release|Any CPU
	EndGlobalSection
	GlobalSection(ProjectConfigurationPlatforms) = postSolution
		{5F4B2DA9-A6AF-48C6-A2BC-5DF393B39B1E}.Debug|Any CPU.ActiveCfg = Debug|Any CPU
		{5F4B2DA9-A6AF-48C6-A2BC-5DF393B39B1E}.Debug|Any CPU.Build.0 = Debug|Any CPU
		{5F4B2DA9-A6AF-48C6-A2BC-5DF393B39B1E}.Release|Any CPU.ActiveCfg = Release|Any CPU
		{5F4B2DA9-A6AF-48C6-A2BC-5DF393B39B1E}.Release|Any CPU.Build.0 = Release|Any CPU
	EndGlobalSection
	GlobalSection(SolutionProperties) = preSolution
		HideSolutionNode = FALSE
	EndGlobalSection
	GlobalSection(ExtensibilityGlobals) = postSolution
		SolutionGuid = {6D410E80-C7A0-48B3-BD23-BB28CABE53B6}
	EndGlobalSection
EndGlobal
